
Microsoft Visual Studio Solution File, Format Version 12.00
# Visual Studio Version 16
VisualStudioVersion = 16.0.31702.278
MinimumVisualStudioVersion = 10.0.40219.1
Project("{8BC9CEB8-8B4A-11D0-8D11-00A0C91BC942}") = "Chapter 14 const", "Chapter 14 const\Chapter 14 const.vcxproj", "{A25CB6D8-8E6E-4B9F-99CA-645783BC5200}"
EndProject
Global
	GlobalSection(SolutionConfigurationPlatforms) = preSolution
		Debug|x64 = Debug|x64
		Debug|x86 = Debug|x86
		Release|x64 = Release|x64
		Release|x86 = Release|x86
	EndGlobalSection
	GlobalSection(ProjectConfigurationPlatforms) = postSolution
		{A25CB6D8-8E6E-4B9F-99CA-645783BC5200}.Debug|x64.ActiveCfg = Debug|x64
		{A25CB6D8-8E6E-4B9F-99CA-645783BC5200}.Debug|x64.Build.0 = Debug|x64
		{A25CB6D8-8E6E-4B9F-99CA-645783BC5200}.Debug|x86.ActiveCfg = Debug|Win32
		{A25CB6D8-8E6E-4B9F-99CA-645783BC5200}.Debug|x86.Build.0 = Debug|Win32
		{A25CB6D8-8E6E-4B9F-99CA-645783BC5200}.Release|x64.ActiveCfg = Release|x64
		{A25CB6D8-8E6E-4B9F-99CA-645783BC5200}.Release|x64.Build.0 = Release|x64
		{A25CB6D8-8E6E-4B9F-99CA-645783BC5200}.Release|x86.ActiveCfg = Release|Win32
		{A25CB6D8-8E6E-4B9F-99CA-645783BC5200}.Release|x86.Build.0 = Release|Win32
	EndGlobalSection
	GlobalSection(SolutionProperties) = preSolution
		HideSolutionNode = FALSE
	EndGlobalSection
	GlobalSection(ExtensibilityGlobals) = postSolution
		SolutionGuid = {F5116DD0-8DDF-43CC-A401-C39CDBB45017}
	EndGlobalSection
EndGlobal
