
Microsoft Visual Studio Solution File, Format Version 12.00
# Visual Studio Version 16
VisualStudioVersion = 16.0.31702.278
MinimumVisualStudioVersion = 10.0.40219.1
Project("{8BC9CEB8-8B4A-11D0-8D11-00A0C91BC942}") = "ConsoleApplication7", "ConsoleApplication7\ConsoleApplication7.vcxproj", "{F6DCDCB4-0F8D-404D-AB39-FCC9A6816280}"
EndProject
Global
	GlobalSection(SolutionConfigurationPlatforms) = preSolution
		Debug|x64 = Debug|x64
		Debug|x86 = Debug|x86
		Release|x64 = Release|x64
		Release|x86 = Release|x86
	EndGlobalSection
	GlobalSection(ProjectConfigurationPlatforms) = postSolution
		{F6DCDCB4-0F8D-404D-AB39-FCC9A6816280}.Debug|x64.ActiveCfg = Debug|x64
		{F6DCDCB4-0F8D-404D-AB39-FCC9A6816280}.Debug|x64.Build.0 = Debug|x64
		{F6DCDCB4-0F8D-404D-AB39-FCC9A6816280}.Debug|x86.ActiveCfg = Debug|Win32
		{F6DCDCB4-0F8D-404D-AB39-FCC9A6816280}.Debug|x86.Build.0 = Debug|Win32
		{F6DCDCB4-0F8D-404D-AB39-FCC9A6816280}.Release|x64.ActiveCfg = Release|x64
		{F6DCDCB4-0F8D-404D-AB39-FCC9A6816280}.Release|x64.Build.0 = Release|x64
		{F6DCDCB4-0F8D-404D-AB39-FCC9A6816280}.Release|x86.ActiveCfg = Release|Win32
		{F6DCDCB4-0F8D-404D-AB39-FCC9A6816280}.Release|x86.Build.0 = Release|Win32
	EndGlobalSection
	GlobalSection(SolutionProperties) = preSolution
		HideSolutionNode = FALSE
	EndGlobalSection
	GlobalSection(ExtensibilityGlobals) = postSolution
		SolutionGuid = {4244869D-6ED4-4B26-8484-921FE824C464}
	EndGlobalSection
EndGlobal
